
Microsoft Visual Studio Solution File, Format Version 12.00
# Visual Studio Version 17
VisualStudioVersion = 17.11.35208.52
MinimumVisualStudioVersion = 10.0.40219.1
Project("{FAE04EC0-301F-11D3-BF4B-00C04F79EFBC}") = "LoginRegistro", "LoginRegistro\LoginRegistro.csproj", "{37B0D1C0-C1EA-426C-A44D-17269BF8FE87}"
EndProject
Global
	GlobalSection(SolutionConfigurationPlatforms) = preSolution
		Debug|Any CPU = Debug|Any CPU
		Release|Any CPU = Release|Any CPU
	EndGlobalSection
	GlobalSection(ProjectConfigurationPlatforms) = postSolution
		{37B0D1C0-C1EA-426C-A44D-17269BF8FE87}.Debug|Any CPU.ActiveCfg = Debug|Any CPU
		{37B0D1C0-C1EA-426C-A44D-17269BF8FE87}.Debug|Any CPU.Build.0 = Debug|Any CPU
		{37B0D1C0-C1EA-426C-A44D-17269BF8FE87}.Release|Any CPU.ActiveCfg = Release|Any CPU
		{37B0D1C0-C1EA-426C-A44D-17269BF8FE87}.Release|Any CPU.Build.0 = Release|Any CPU
	EndGlobalSection
	GlobalSection(SolutionProperties) = preSolution
		HideSolutionNode = FALSE
	EndGlobalSection
	GlobalSection(ExtensibilityGlobals) = postSolution
		SolutionGuid = {21B4EFA0-E4E0-45AC-9B3C-C2D3F0AC8BC0}
	EndGlobalSection
EndGlobal
